
Microsoft Visual Studio Solution File, Format Version 12.00
# Visual Studio Version 16
VisualStudioVersion = 25.0.1706.14
MinimumVisualStudioVersion = 10.0.40219.1
Project("{FAE04EC0-301F-11D3-BF4B-00C04F79EFBC}") = "AdolescentsCommunityHubNigeriaWebsite", "AdolescentsCommunityHubNigeriaWebsite\AdolescentsCommunityHubNigeriaWebsite.csproj", "{D335EA03-8705-411F-8367-6FC95B2EC41D}"
EndProject
Global
	GlobalSection(SolutionConfigurationPlatforms) = preSolution
		Debug|Any CPU = Debug|Any CPU
		Release|Any CPU = Release|Any CPU
	EndGlobalSection
	GlobalSection(ProjectConfigurationPlatforms) = postSolution
		{D335EA03-8705-411F-8367-6FC95B2EC41D}.Debug|Any CPU.ActiveCfg = Debug|Any CPU
		{D335EA03-8705-411F-8367-6FC95B2EC41D}.Debug|Any CPU.Build.0 = Debug|Any CPU
		{D335EA03-8705-411F-8367-6FC95B2EC41D}.Release|Any CPU.ActiveCfg = Release|Any CPU
		{D335EA03-8705-411F-8367-6FC95B2EC41D}.Release|Any CPU.Build.0 = Release|Any CPU
	EndGlobalSection
	GlobalSection(SolutionProperties) = preSolution
		HideSolutionNode = FALSE
	EndGlobalSection
	GlobalSection(ExtensibilityGlobals) = postSolution
		SolutionGuid = {8F535DD3-291B-4D5F-BC93-6BADDB80642E}
	EndGlobalSection
EndGlobal
